
Microsoft Visual Studio Solution File, Format Version 11.00
# Visual Studio 2010
Project("{FAE04EC0-301F-11D3-BF4B-00C04F79EFBC}") = "Assembly-CSharp", "Assembly-CSharp.csproj", "{4535007B-6D33-B48D-9010-876AEF9153F8}"
EndProject
Project("{FAE04EC0-301F-11D3-BF4B-00C04F79EFBC}") = "Assembly-CSharp-firstpass", "Assembly-CSharp-firstpass.csproj", "{50B4775D-1F2B-DCAC-7BF2-0D9BDAF8DF41}"
EndProject
Project("{FAE04EC0-301F-11D3-BF4B-00C04F79EFBC}") = "Assembly-CSharp-Editor", "Assembly-CSharp-Editor.csproj", "{AEB22BA3-E6CE-60F0-1D23-3F6E8A62F6D3}"
EndProject
Global
	GlobalSection(SolutionConfigurationPlatforms) = preSolution
		Debug|Any CPU = Debug|Any CPU
		Release|Any CPU = Release|Any CPU
	EndGlobalSection
	GlobalSection(ProjectConfigurationPlatforms) = postSolution
		{4535007B-6D33-B48D-9010-876AEF9153F8}.Debug|Any CPU.ActiveCfg = Debug|Any CPU
		{4535007B-6D33-B48D-9010-876AEF9153F8}.Debug|Any CPU.Build.0 = Debug|Any CPU
		{4535007B-6D33-B48D-9010-876AEF9153F8}.Release|Any CPU.ActiveCfg = Release|Any CPU
		{4535007B-6D33-B48D-9010-876AEF9153F8}.Release|Any CPU.Build.0 = Release|Any CPU
		{50B4775D-1F2B-DCAC-7BF2-0D9BDAF8DF41}.Debug|Any CPU.ActiveCfg = Debug|Any CPU
		{50B4775D-1F2B-DCAC-7BF2-0D9BDAF8DF41}.Debug|Any CPU.Build.0 = Debug|Any CPU
		{50B4775D-1F2B-DCAC-7BF2-0D9BDAF8DF41}.Release|Any CPU.ActiveCfg = Release|Any CPU
		{50B4775D-1F2B-DCAC-7BF2-0D9BDAF8DF41}.Release|Any CPU.Build.0 = Release|Any CPU
		{AEB22BA3-E6CE-60F0-1D23-3F6E8A62F6D3}.Debug|Any CPU.ActiveCfg = Debug|Any CPU
		{AEB22BA3-E6CE-60F0-1D23-3F6E8A62F6D3}.Debug|Any CPU.Build.0 = Debug|Any CPU
		{AEB22BA3-E6CE-60F0-1D23-3F6E8A62F6D3}.Release|Any CPU.ActiveCfg = Release|Any CPU
		{AEB22BA3-E6CE-60F0-1D23-3F6E8A62F6D3}.Release|Any CPU.Build.0 = Release|Any CPU
	EndGlobalSection
	GlobalSection(SolutionProperties) = preSolution
		HideSolutionNode = FALSE
	EndGlobalSection
	GlobalSection(MonoDevelopProperties) = preSolution
		StartupItem = Assembly-CSharp.csproj
	EndGlobalSection
EndGlobal
