
Microsoft Visual Studio Solution File, Format Version 12.00
# Visual Studio 15
VisualStudioVersion = 15.0.26730.12
MinimumVisualStudioVersion = 10.0.40219.1
Project("{FAE04EC0-301F-11D3-BF4B-00C04F79EFBC}") = "URaiderProject", "URaiderProject.csproj", "{B084681D-3625-41BB-5595-7EE28D50820A}"
EndProject
Project("{FAE04EC0-301F-11D3-BF4B-00C04F79EFBC}") = "URaiderProject.Plugins", "URaiderProject.Plugins.csproj", "{952EE9AA-F5E5-3D27-727C-B85256139186}"
EndProject
Project("{FAE04EC0-301F-11D3-BF4B-00C04F79EFBC}") = "URaiderProject.Editor", "URaiderProject.Editor.csproj", "{66D2B4E6-6A6C-E3FC-BC56-86B15202D5B6}"
EndProject
Global
	GlobalSection(SolutionConfigurationPlatforms) = preSolution
		Debug|Any CPU = Debug|Any CPU
		Release|Any CPU = Release|Any CPU
	EndGlobalSection
	GlobalSection(ProjectConfigurationPlatforms) = postSolution
		{B084681D-3625-41BB-5595-7EE28D50820A}.Debug|Any CPU.ActiveCfg = Debug|Any CPU
		{B084681D-3625-41BB-5595-7EE28D50820A}.Debug|Any CPU.Build.0 = Debug|Any CPU
		{B084681D-3625-41BB-5595-7EE28D50820A}.Release|Any CPU.ActiveCfg = Release|Any CPU
		{B084681D-3625-41BB-5595-7EE28D50820A}.Release|Any CPU.Build.0 = Release|Any CPU
		{952EE9AA-F5E5-3D27-727C-B85256139186}.Debug|Any CPU.ActiveCfg = Debug|Any CPU
		{952EE9AA-F5E5-3D27-727C-B85256139186}.Debug|Any CPU.Build.0 = Debug|Any CPU
		{952EE9AA-F5E5-3D27-727C-B85256139186}.Release|Any CPU.ActiveCfg = Release|Any CPU
		{952EE9AA-F5E5-3D27-727C-B85256139186}.Release|Any CPU.Build.0 = Release|Any CPU
		{66D2B4E6-6A6C-E3FC-BC56-86B15202D5B6}.Debug|Any CPU.ActiveCfg = Debug|Any CPU
		{66D2B4E6-6A6C-E3FC-BC56-86B15202D5B6}.Debug|Any CPU.Build.0 = Debug|Any CPU
		{66D2B4E6-6A6C-E3FC-BC56-86B15202D5B6}.Release|Any CPU.ActiveCfg = Release|Any CPU
		{66D2B4E6-6A6C-E3FC-BC56-86B15202D5B6}.Release|Any CPU.Build.0 = Release|Any CPU
	EndGlobalSection
	GlobalSection(SolutionProperties) = preSolution
		HideSolutionNode = FALSE
	EndGlobalSection
	GlobalSection(ExtensibilityGlobals) = postSolution
		SolutionGuid = {BA358851-C2AA-4576-AE83-B85A3ABF9D09}
	EndGlobalSection
EndGlobal
